# THIS IS AN AUTOGENERATED FILE. DO NOT EDIT THIS FILE DIRECTLY.
# yarn lockfile v1


cookie@^0.3.1:
  version "0.3.1"
  resolved "https://registry.yarnpkg.com/cookie/-/cookie-0.3.1.tgz#e7e0a1f9ef43b4c8ba925c5c5a96e806d16873bb"
  integrity sha1-5+Ch+e9DtMi6klxcWpboBtFoc7s=

object-assign@^4.1.1:
  version "4.1.1"
  resolved "https://registry.yarnpkg.com/object-assign/-/object-assign-4.1.1.tgz#2109adc7965887cfc05cbbd442cac8bfbb360863"
  integrity sha1-IQmtx5ZYh8/AXLvUQsrIv7s2CGM=

react-cookies@^0.1.1:
  version "0.1.1"
  resolved "https://registry.yarnpkg.com/react-cookies/-/react-cookies-0.1.1.tgz#2a35807e04f5a13f58ccd1a9fb66574506873c88"
  integrity sha512-PP75kJ4vtoHuuTdq0TAD3RmlAv7vuDQh9fkC4oDlhntgs9vX1DmREomO0Y1mcQKR9nMZ6/zxoflaMJ3MAmF5KQ==
  dependencies:
    cookie "^0.3.1"
    object-assign "^4.1.1"
